
Microsoft Visual Studio Solution File, Format Version 12.00
# Visual Studio Version 16
VisualStudioVersion = 16.0.30225.117
MinimumVisualStudioVersion = 10.0.40219.1
Project("{FAE04EC0-301F-11D3-BF4B-00C04F79EFBC}") = "Codewars", "Codewars\Codewars.csproj", "{2E50A512-C99F-4286-BB48-5717D7E786FC}"
EndProject
Project("{FAE04EC0-301F-11D3-BF4B-00C04F79EFBC}") = "CodewarsTest", "CodewarsTest\CodewarsTest.csproj", "{78C5DDFF-E90E-46DD-BC4B-FAD4E5F7F457}"
EndProject
Global
	GlobalSection(SolutionConfigurationPlatforms) = preSolution
		Debug|Any CPU = Debug|Any CPU
		Release|Any CPU = Release|Any CPU
	EndGlobalSection
	GlobalSection(ProjectConfigurationPlatforms) = postSolution
		{2E50A512-C99F-4286-BB48-5717D7E786FC}.Debug|Any CPU.ActiveCfg = Debug|Any CPU
		{2E50A512-C99F-4286-BB48-5717D7E786FC}.Debug|Any CPU.Build.0 = Debug|Any CPU
		{2E50A512-C99F-4286-BB48-5717D7E786FC}.Release|Any CPU.ActiveCfg = Release|Any CPU
		{2E50A512-C99F-4286-BB48-5717D7E786FC}.Release|Any CPU.Build.0 = Release|Any CPU
		{78C5DDFF-E90E-46DD-BC4B-FAD4E5F7F457}.Debug|Any CPU.ActiveCfg = Debug|Any CPU
		{78C5DDFF-E90E-46DD-BC4B-FAD4E5F7F457}.Debug|Any CPU.Build.0 = Debug|Any CPU
		{78C5DDFF-E90E-46DD-BC4B-FAD4E5F7F457}.Release|Any CPU.ActiveCfg = Release|Any CPU
		{78C5DDFF-E90E-46DD-BC4B-FAD4E5F7F457}.Release|Any CPU.Build.0 = Release|Any CPU
	EndGlobalSection
	GlobalSection(SolutionProperties) = preSolution
		HideSolutionNode = FALSE
	EndGlobalSection
	GlobalSection(ExtensibilityGlobals) = postSolution
		SolutionGuid = {1F77566B-06A7-4AC3-AD68-BDED8EDB59FE}
	EndGlobalSection
EndGlobal
